
Microsoft Visual Studio Solution File, Format Version 12.00
# Visual Studio Version 17
VisualStudioVersion = 17.10.35013.160
MinimumVisualStudioVersion = 10.0.40219.1
Project("{FAE04EC0-301F-11D3-BF4B-00C04F79EFBC}") = "SoulMenu.Api", "SoulMenu.Api.csproj", "{32DA46CA-BB9E-4BE0-9C0B-A5A2936ECED1}"
EndProject
Global
	GlobalSection(SolutionConfigurationPlatforms) = preSolution
		Debug|Any CPU = Debug|Any CPU
		Release|Any CPU = Release|Any CPU
	EndGlobalSection
	GlobalSection(ProjectConfigurationPlatforms) = postSolution
		{32DA46CA-BB9E-4BE0-9C0B-A5A2936ECED1}.Debug|Any CPU.ActiveCfg = Debug|Any CPU
		{32DA46CA-BB9E-4BE0-9C0B-A5A2936ECED1}.Debug|Any CPU.Build.0 = Debug|Any CPU
		{32DA46CA-BB9E-4BE0-9C0B-A5A2936ECED1}.Release|Any CPU.ActiveCfg = Release|Any CPU
		{32DA46CA-BB9E-4BE0-9C0B-A5A2936ECED1}.Release|Any CPU.Build.0 = Release|Any CPU
		{49EF0F6B-9E70-4418-8BA9-D64B35418C91}.Debug|Any CPU.ActiveCfg = Debug|Any CPU
		{49EF0F6B-9E70-4418-8BA9-D64B35418C91}.Debug|Any CPU.Build.0 = Debug|Any CPU
		{49EF0F6B-9E70-4418-8BA9-D64B35418C91}.Release|Any CPU.ActiveCfg = Release|Any CPU
		{49EF0F6B-9E70-4418-8BA9-D64B35418C91}.Release|Any CPU.Build.0 = Release|Any CPU
	EndGlobalSection
	GlobalSection(SolutionProperties) = preSolution
		HideSolutionNode = FALSE
	EndGlobalSection
	GlobalSection(ExtensibilityGlobals) = postSolution
		SolutionGuid = {614B6A7E-6126-47CC-9569-928522960161}
	EndGlobalSection
EndGlobal
