
Microsoft Visual Studio Solution File, Format Version 12.00
# Visual Studio Version 17
VisualStudioVersion = 17.10.35013.160
MinimumVisualStudioVersion = 10.0.40219.1
Project("{9A19103F-16F7-4668-BE54-9A1E7A4F7556}") = "SoulMenu.Api", "src\SoulMenu.Api.csproj", "{6B2C92C4-8560-40C0-8074-8E25FFA2D6F6}"
EndProject
Project("{E53339B2-1760-4266-BCC7-CA923CBCF16C}") = "docker-compose", "docker-compose.dcproj", "{C95125B0-F257-4FE8-91F7-31ED368CE7AA}"
EndProject
Project("{9A19103F-16F7-4668-BE54-9A1E7A4F7556}") = "SoulMenu.Tests", "SoulMenu.Tests\SoulMenu.Tests.csproj", "{D402D8DF-C222-4591-B1F8-474B22C32E61}"
EndProject
Project("{FAE04EC0-301F-11D3-BF4B-00C04F79EFBC}") = "SoulMenu.Consumer", "SoulMenu.Consumer\SoulMenu.Consumer.csproj", "{FB5406B9-22FB-47C8-8259-21BA0B594C90}"
EndProject
Global
	GlobalSection(SolutionConfigurationPlatforms) = preSolution
		Debug|Any CPU = Debug|Any CPU
		Release|Any CPU = Release|Any CPU
	EndGlobalSection
	GlobalSection(ProjectConfigurationPlatforms) = postSolution
		{6B2C92C4-8560-40C0-8074-8E25FFA2D6F6}.Debug|Any CPU.ActiveCfg = Debug|Any CPU
		{6B2C92C4-8560-40C0-8074-8E25FFA2D6F6}.Debug|Any CPU.Build.0 = Debug|Any CPU
		{6B2C92C4-8560-40C0-8074-8E25FFA2D6F6}.Release|Any CPU.ActiveCfg = Release|Any CPU
		{6B2C92C4-8560-40C0-8074-8E25FFA2D6F6}.Release|Any CPU.Build.0 = Release|Any CPU
		{C95125B0-F257-4FE8-91F7-31ED368CE7AA}.Debug|Any CPU.ActiveCfg = Debug|Any CPU
		{C95125B0-F257-4FE8-91F7-31ED368CE7AA}.Debug|Any CPU.Build.0 = Debug|Any CPU
		{C95125B0-F257-4FE8-91F7-31ED368CE7AA}.Release|Any CPU.ActiveCfg = Release|Any CPU
		{C95125B0-F257-4FE8-91F7-31ED368CE7AA}.Release|Any CPU.Build.0 = Release|Any CPU
		{D402D8DF-C222-4591-B1F8-474B22C32E61}.Debug|Any CPU.ActiveCfg = Debug|Any CPU
		{D402D8DF-C222-4591-B1F8-474B22C32E61}.Debug|Any CPU.Build.0 = Debug|Any CPU
		{D402D8DF-C222-4591-B1F8-474B22C32E61}.Release|Any CPU.ActiveCfg = Release|Any CPU
		{D402D8DF-C222-4591-B1F8-474B22C32E61}.Release|Any CPU.Build.0 = Release|Any CPU
		{FB5406B9-22FB-47C8-8259-21BA0B594C90}.Debug|Any CPU.ActiveCfg = Debug|Any CPU
		{FB5406B9-22FB-47C8-8259-21BA0B594C90}.Debug|Any CPU.Build.0 = Debug|Any CPU
		{FB5406B9-22FB-47C8-8259-21BA0B594C90}.Release|Any CPU.ActiveCfg = Release|Any CPU
		{FB5406B9-22FB-47C8-8259-21BA0B594C90}.Release|Any CPU.Build.0 = Release|Any CPU
	EndGlobalSection
	GlobalSection(SolutionProperties) = preSolution
		HideSolutionNode = FALSE
	EndGlobalSection
	GlobalSection(ExtensibilityGlobals) = postSolution
		SolutionGuid = {614B6A7E-6126-47CC-9569-928522960161}
	EndGlobalSection
EndGlobal
